
Microsoft Visual Studio Solution File, Format Version 12.00
# Visual Studio 15
VisualStudioVersion = 15.0.28307.329
MinimumVisualStudioVersion = 10.0.40219.1
Project("{9A19103F-16F7-4668-BE54-9A1E7A4F7556}") = "Imp.CitpSharp", "src\Imp.CitpSharp\Imp.CitpSharp.csproj", "{F437DCE0-3201-4D83-9535-AAB3CD16C5D6}"
EndProject
Project("{9A19103F-16F7-4668-BE54-9A1E7A4F7556}") = "Imp.CitpSharp.Tests", "test\Imp.CitpSharp.Tests\Imp.CitpSharp.Tests.csproj", "{1A9BC45F-5B3D-4C48-9E9B-D6B94723D212}"
EndProject
Project("{9A19103F-16F7-4668-BE54-9A1E7A4F7556}") = "Imp.CitpSharp.DummyMediaServer", "examples\Imp.CitpSharp.DummyMediaServer\Imp.CitpSharp.DummyMediaServer.csproj", "{DEBF3AEC-82F2-4B9F-B495-A5B33F9D5550}"
EndProject
Project("{9A19103F-16F7-4668-BE54-9A1E7A4F7556}") = "Imp.CitpSharp.DummyVisualizer", "examples\Imp.CitpSharp.DummyVisualizer\Imp.CitpSharp.DummyVisualizer.csproj", "{76D9DCD6-AFF3-4056-888F-A4E256970DA8}"
EndProject
Global
	GlobalSection(SolutionConfigurationPlatforms) = preSolution
		Debug|Any CPU = Debug|Any CPU
		Release|Any CPU = Release|Any CPU
	EndGlobalSection
	GlobalSection(ProjectConfigurationPlatforms) = postSolution
		{F437DCE0-3201-4D83-9535-AAB3CD16C5D6}.Debug|Any CPU.ActiveCfg = Debug|Any CPU
		{F437DCE0-3201-4D83-9535-AAB3CD16C5D6}.Debug|Any CPU.Build.0 = Debug|Any CPU
		{F437DCE0-3201-4D83-9535-AAB3CD16C5D6}.Release|Any CPU.ActiveCfg = Release|Any CPU
		{F437DCE0-3201-4D83-9535-AAB3CD16C5D6}.Release|Any CPU.Build.0 = Release|Any CPU
		{1A9BC45F-5B3D-4C48-9E9B-D6B94723D212}.Debug|Any CPU.ActiveCfg = Debug|Any CPU
		{1A9BC45F-5B3D-4C48-9E9B-D6B94723D212}.Debug|Any CPU.Build.0 = Debug|Any CPU
		{1A9BC45F-5B3D-4C48-9E9B-D6B94723D212}.Release|Any CPU.ActiveCfg = Release|Any CPU
		{1A9BC45F-5B3D-4C48-9E9B-D6B94723D212}.Release|Any CPU.Build.0 = Release|Any CPU
		{DEBF3AEC-82F2-4B9F-B495-A5B33F9D5550}.Debug|Any CPU.ActiveCfg = Debug|Any CPU
		{DEBF3AEC-82F2-4B9F-B495-A5B33F9D5550}.Debug|Any CPU.Build.0 = Debug|Any CPU
		{DEBF3AEC-82F2-4B9F-B495-A5B33F9D5550}.Release|Any CPU.ActiveCfg = Release|Any CPU
		{DEBF3AEC-82F2-4B9F-B495-A5B33F9D5550}.Release|Any CPU.Build.0 = Release|Any CPU
		{76D9DCD6-AFF3-4056-888F-A4E256970DA8}.Debug|Any CPU.ActiveCfg = Debug|Any CPU
		{76D9DCD6-AFF3-4056-888F-A4E256970DA8}.Debug|Any CPU.Build.0 = Debug|Any CPU
		{76D9DCD6-AFF3-4056-888F-A4E256970DA8}.Release|Any CPU.ActiveCfg = Release|Any CPU
		{76D9DCD6-AFF3-4056-888F-A4E256970DA8}.Release|Any CPU.Build.0 = Release|Any CPU
	EndGlobalSection
	GlobalSection(SolutionProperties) = preSolution
		HideSolutionNode = FALSE
	EndGlobalSection
	GlobalSection(ExtensibilityGlobals) = postSolution
		SolutionGuid = {145B1D37-904D-4D09-9155-5D5FB25DAB41}
	EndGlobalSection
EndGlobal
